
Microsoft Visual Studio Solution File, Format Version 12.00
# Visual Studio Version 16
VisualStudioVersion = 16.0.32228.343
MinimumVisualStudioVersion = 10.0.40219.1
Project("{FAE04EC0-301F-11D3-BF4B-00C04F79EFBC}") = "Loja", "loja\Loja.csproj", "{D320D6B4-999F-489B-84D2-2FE8D22CAB3B}"
EndProject
Global
	GlobalSection(SolutionConfigurationPlatforms) = preSolution
		Debug|Any CPU = Debug|Any CPU
		Release|Any CPU = Release|Any CPU
	EndGlobalSection
	GlobalSection(ProjectConfigurationPlatforms) = postSolution
		{D320D6B4-999F-489B-84D2-2FE8D22CAB3B}.Debug|Any CPU.ActiveCfg = Debug|Any CPU
		{D320D6B4-999F-489B-84D2-2FE8D22CAB3B}.Debug|Any CPU.Build.0 = Debug|Any CPU
		{D320D6B4-999F-489B-84D2-2FE8D22CAB3B}.Release|Any CPU.ActiveCfg = Release|Any CPU
		{D320D6B4-999F-489B-84D2-2FE8D22CAB3B}.Release|Any CPU.Build.0 = Release|Any CPU
	EndGlobalSection
	GlobalSection(SolutionProperties) = preSolution
		HideSolutionNode = FALSE
	EndGlobalSection
	GlobalSection(ExtensibilityGlobals) = postSolution
		SolutionGuid = {97763FBA-2FE9-497E-8916-2D991B63304F}
	EndGlobalSection
EndGlobal
